
Microsoft Visual Studio Solution File, Format Version 12.00
# Visual Studio 15
Project("{FAE04EC0-301F-11D3-BF4B-00C04F79EFBC}") = "Assembly-CSharp", "Assembly-CSharp.csproj", "{F414112A-ABF2-BBE2-734A-C8522CDB123E}"
EndProject
Global
	GlobalSection(SolutionConfigurationPlatforms) = preSolution
		Debug|Any CPU = Debug|Any CPU
		Release|Any CPU = Release|Any CPU
	EndGlobalSection
	GlobalSection(ProjectConfigurationPlatforms) = postSolution
		{F414112A-ABF2-BBE2-734A-C8522CDB123E}.Debug|Any CPU.ActiveCfg = Debug|Any CPU
		{F414112A-ABF2-BBE2-734A-C8522CDB123E}.Debug|Any CPU.Build.0 = Debug|Any CPU
		{F414112A-ABF2-BBE2-734A-C8522CDB123E}.Release|Any CPU.ActiveCfg = Release|Any CPU
		{F414112A-ABF2-BBE2-734A-C8522CDB123E}.Release|Any CPU.Build.0 = Release|Any CPU
	EndGlobalSection
	GlobalSection(SolutionProperties) = preSolution
		HideSolutionNode = FALSE
	EndGlobalSection
EndGlobal
